// !$*UTF8*$!
{
	archiveVersion = 1;
	classes = {
	};
	objectVersion = 46;
	objects = {

/* Begin PBXBuildFile section */
		12511E13B3A9745EB2D57554 /* Pods.framework in Frameworks */ = {isa = PBXBuildFile; fileRef = 265C42A255D20CED53737FCC /* Pods.framework */; };
		A16F2CE01BEFF60300E773BF /* LayoutConstants.swift in Sources */ = {isa = PBXBuildFile; fileRef = A16F2CDF1BEFF60300E773BF /* LayoutConstants.swift */; };
		A16F2CE31BEFF8D300E773BF /* TwitterServiceClient.swift in Sources */ = {isa = PBXBuildFile; fileRef = A16F2CE21BEFF8D300E773BF /* TwitterServiceClient.swift */; };
		A16F2CE51BF001ED00E773BF /* Tweet.swift in Sources */ = {isa = PBXBuildFile; fileRef = A16F2CE41BF001ED00E773BF /* Tweet.swift */; };
		A16F2CE71BF0030400E773BF /* User.swift in Sources */ = {isa = PBXBuildFile; fileRef = A16F2CE61BF0030400E773BF /* User.swift */; };
		A16F2CE91BF023AE00E773BF /* LoginViewController.swift in Sources */ = {isa = PBXBuildFile; fileRef = A16F2CE81BF023AE00E773BF /* LoginViewController.swift */; };
		A16F2CEB1BF023C200E773BF /* TWBaseViewController.swift in Sources */ = {isa = PBXBuildFile; fileRef = A16F2CEA1BF023C200E773BF /* TWBaseViewController.swift */; };
		A16F2CEE1BF02EC300E773BF /* TimelineViewController.swift in Sources */ = {isa = PBXBuildFile; fileRef = A16F2CED1BF02EC300E773BF /* TimelineViewController.swift */; };
		A16F2CF01BF032DB00E773BF /* TweetTableViewCell.swift in Sources */ = {isa = PBXBuildFile; fileRef = A16F2CEF1BF032DB00E773BF /* TweetTableViewCell.swift */; };
		A1B02D831BE995260052429D /* AppDelegate.swift in Sources */ = {isa = PBXBuildFile; fileRef = A1B02D821BE995260052429D /* AppDelegate.swift */; };
		A1B02D8A1BE995260052429D /* Assets.xcassets in Resources */ = {isa = PBXBuildFile; fileRef = A1B02D891BE995260052429D /* Assets.xcassets */; };
		A1B02D8D1BE995260052429D /* LaunchScreen.storyboard in Resources */ = {isa = PBXBuildFile; fileRef = A1B02D8B1BE995260052429D /* LaunchScreen.storyboard */; };
/* End PBXBuildFile section */

/* Begin PBXFileReference section */
		265C42A255D20CED53737FCC /* Pods.framework */ = {isa = PBXFileReference; explicitFileType = wrapper.framework; includeInIndex = 0; path = Pods.framework; sourceTree = BUILT_PRODUCTS_DIR; };
		A16F2CDF1BEFF60300E773BF /* LayoutConstants.swift */ = {isa = PBXFileReference; fileEncoding = 4; lastKnownFileType = sourcecode.swift; path = LayoutConstants.swift; sourceTree = "<group>"; };
		A16F2CE21BEFF8D300E773BF /* TwitterServiceClient.swift */ = {isa = PBXFileReference; fileEncoding = 4; lastKnownFileType = sourcecode.swift; path = TwitterServiceClient.swift; sourceTree = "<group>"; };
		A16F2CE41BF001ED00E773BF /* Tweet.swift */ = {isa = PBXFileReference; fileEncoding = 4; lastKnownFileType = sourcecode.swift; path = Tweet.swift; sourceTree = "<group>"; };
		A16F2CE61BF0030400E773BF /* User.swift */ = {isa = PBXFileReference; fileEncoding = 4; lastKnownFileType = sourcecode.swift; path = User.swift; sourceTree = "<group>"; };
		A16F2CE81BF023AE00E773BF /* LoginViewController.swift */ = {isa = PBXFileReference; fileEncoding = 4; lastKnownFileType = sourcecode.swift; path = LoginViewController.swift; sourceTree = "<group>"; };
		A16F2CEA1BF023C200E773BF /* TWBaseViewController.swift */ = {isa = PBXFileReference; fileEncoding = 4; lastKnownFileType = sourcecode.swift; path = TWBaseViewController.swift; sourceTree = "<group>"; };
		A16F2CED1BF02EC300E773BF /* TimelineViewController.swift */ = {isa = PBXFileReference; fileEncoding = 4; lastKnownFileType = sourcecode.swift; path = TimelineViewController.swift; sourceTree = "<group>"; };
		A16F2CEF1BF032DB00E773BF /* TweetTableViewCell.swift */ = {isa = PBXFileReference; fileEncoding = 4; lastKnownFileType = sourcecode.swift; path = TweetTableViewCell.swift; sourceTree = "<group>"; };
		A1B02D7F1BE995260052429D /* TwitterClient.app */ = {isa = PBXFileReference; explicitFileType = wrapper.application; includeInIndex = 0; path = TwitterClient.app; sourceTree = BUILT_PRODUCTS_DIR; };
		A1B02D821BE995260052429D /* AppDelegate.swift */ = {isa = PBXFileReference; lastKnownFileType = sourcecode.swift; path = AppDelegate.swift; sourceTree = "<group>"; };
		A1B02D891BE995260052429D /* Assets.xcassets */ = {isa = PBXFileReference; lastKnownFileType = folder.assetcatalog; path = Assets.xcassets; sourceTree = "<group>"; };
		A1B02D8C1BE995260052429D /* Base */ = {isa = PBXFileReference; lastKnownFileType = file.storyboard; name = Base; path = Base.lproj/LaunchScreen.storyboard; sourceTree = "<group>"; };
		A1B02D8E1BE995260052429D /* Info.plist */ = {isa = PBXFileReference; lastKnownFileType = text.plist.xml; path = Info.plist; sourceTree = "<group>"; };
		D6A9F824DB248D035902091D /* Pods.debug.xcconfig */ = {isa = PBXFileReference; includeInIndex = 1; lastKnownFileType = text.xcconfig; name = Pods.debug.xcconfig; path = "Pods/Target Support Files/Pods/Pods.debug.xcconfig"; sourceTree = "<group>"; };
		F87B1D3D93977DE3BA530930 /* Pods.release.xcconfig */ = {isa = PBXFileReference; includeInIndex = 1; lastKnownFileType = text.xcconfig; name = Pods.release.xcconfig; path = "Pods/Target Support Files/Pods/Pods.release.xcconfig"; sourceTree = "<group>"; };
/* End PBXFileReference section */

/* Begin PBXFrameworksBuildPhase section */
		A1B02D7C1BE995260052429D /* Frameworks */ = {
			isa = PBXFrameworksBuildPhase;
			buildActionMask = 2147483647;
			files = (
				12511E13B3A9745EB2D57554 /* Pods.framework in Frameworks */,
			);
			runOnlyForDeploymentPostprocessing = 0;
		};
/* End PBXFrameworksBuildPhase section */

/* Begin PBXGroup section */
		0618B96633C9C296016D4608 /* Pods */ = {
			isa = PBXGroup;
			children = (
				D6A9F824DB248D035902091D /* Pods.debug.xcconfig */,
				F87B1D3D93977DE3BA530930 /* Pods.release.xcconfig */,
			);
			name = Pods;
			sourceTree = "<group>";
		};
		A16F2CDE1BEFF5E200E773BF /* Contants */ = {
			isa = PBXGroup;
			children = (
				A16F2CDF1BEFF60300E773BF /* LayoutConstants.swift */,
			);
			name = Contants;
			sourceTree = "<group>";
		};
		A16F2CE11BEFF8AD00E773BF /* API */ = {
			isa = PBXGroup;
			children = (
				A16F2CE21BEFF8D300E773BF /* TwitterServiceClient.swift */,
				A16F2CE41BF001ED00E773BF /* Tweet.swift */,
				A16F2CE61BF0030400E773BF /* User.swift */,
			);
			name = API;
			sourceTree = "<group>";
		};
		A16F2CEC1BF02E9F00E773BF /* UI */ = {
			isa = PBXGroup;
			children = (
				A16F2CE81BF023AE00E773BF /* LoginViewController.swift */,
				A16F2CED1BF02EC300E773BF /* TimelineViewController.swift */,
				A16F2CEF1BF032DB00E773BF /* TweetTableViewCell.swift */,
			);
			name = UI;
			sourceTree = "<group>";
		};
		A1B02D761BE995260052429D = {
			isa = PBXGroup;
			children = (
				A1B02D811BE995260052429D /* TwitterClient */,
				A1B02D801BE995260052429D /* Products */,
				0618B96633C9C296016D4608 /* Pods */,
				D380DB39F817C402A72331EA /* Frameworks */,
			);
			sourceTree = "<group>";
		};
		A1B02D801BE995260052429D /* Products */ = {
			isa = PBXGroup;
			children = (
				A1B02D7F1BE995260052429D /* TwitterClient.app */,
			);
			name = Products;
			sourceTree = "<group>";
		};
		A1B02D811BE995260052429D /* TwitterClient */ = {
			isa = PBXGroup;
			children = (
				A16F2CEC1BF02E9F00E773BF /* UI */,
				A16F2CE11BEFF8AD00E773BF /* API */,
				A16F2CDE1BEFF5E200E773BF /* Contants */,
				A1B02D821BE995260052429D /* AppDelegate.swift */,
				A1B02D891BE995260052429D /* Assets.xcassets */,
				A1B02D8B1BE995260052429D /* LaunchScreen.storyboard */,
				A1B02D8E1BE995260052429D /* Info.plist */,
				A16F2CEA1BF023C200E773BF /* TWBaseViewController.swift */,
			);
			path = TwitterClient;
			sourceTree = "<group>";
		};
		D380DB39F817C402A72331EA /* Frameworks */ = {
			isa = PBXGroup;
			children = (
				265C42A255D20CED53737FCC /* Pods.framework */,
			);
			name = Frameworks;
			sourceTree = "<group>";
		};
/* End PBXGroup section */

/* Begin PBXNativeTarget section */
		A1B02D7E1BE995260052429D /* TwitterClient */ = {
			isa = PBXNativeTarget;
			buildConfigurationList = A1B02D911BE995260052429D /* Build configuration list for PBXNativeTarget "TwitterClient" */;
			buildPhases = (
				BF949159AA0EE3BC247E4D24 /* Check Pods Manifest.lock */,
				A1B02D7B1BE995260052429D /* Sources */,
				A1B02D7C1BE995260052429D /* Frameworks */,
				A1B02D7D1BE995260052429D /* Resources */,
				839049475315A951D813A940 /* Embed Pods Frameworks */,
				DB7E13E10D83C0BDB854408E /* Copy Pods Resources */,
			);
			buildRules = (
			);
			dependencies = (
			);
			name = TwitterClient;
			productName = TwitterClient;
			productReference = A1B02D7F1BE995260052429D /* TwitterClient.app */;
			productType = "com.apple.product-type.application";
		};
/* End PBXNativeTarget section */

/* Begin PBXProject section */
		A1B02D771BE995260052429D /* Project object */ = {
			isa = PBXProject;
			attributes = {
				LastSwiftUpdateCheck = 0710;
				LastUpgradeCheck = 0710;
				ORGANIZATIONNAME = roboxue;
				TargetAttributes = {
					A1B02D7E1BE995260052429D = {
						CreatedOnToolsVersion = 7.1;
					};
				};
			};
			buildConfigurationList = A1B02D7A1BE995260052429D /* Build configuration list for PBXProject "TwitterClient" */;
			compatibilityVersion = "Xcode 3.2";
			developmentRegion = English;
			hasScannedForEncodings = 0;
			knownRegions = (
				en,
				Base,
			);
			mainGroup = A1B02D761BE995260052429D;
			productRefGroup = A1B02D801BE995260052429D /* Products */;
			projectDirPath = "";
			projectRoot = "";
			targets = (
				A1B02D7E1BE995260052429D /* TwitterClient */,
			);
		};
/* End PBXProject section */

/* Begin PBXResourcesBuildPhase section */
		A1B02D7D1BE995260052429D /* Resources */ = {
			isa = PBXResourcesBuildPhase;
			buildActionMask = 2147483647;
			files = (
				A1B02D8D1BE995260052429D /* LaunchScreen.storyboard in Resources */,
				A1B02D8A1BE995260052429D /* Assets.xcassets in Resources */,
			);
			runOnlyForDeploymentPostprocessing = 0;
		};
/* End PBXResourcesBuildPhase section */

/* Begin PBXShellScriptBuildPhase section */
		839049475315A951D813A940 /* Embed Pods Frameworks */ = {
			isa = PBXShellScriptBuildPhase;
			buildActionMask = 2147483647;
			files = (
			);
			inputPaths = (
			);
			name = "Embed Pods Frameworks";
			outputPaths = (
			);
			runOnlyForDeploymentPostprocessing = 0;
			shellPath = /bin/sh;
			shellScript = "\"${SRCROOT}/Pods/Target Support Files/Pods/Pods-frameworks.sh\"\n";
			showEnvVarsInLog = 0;
		};
		BF949159AA0EE3BC247E4D24 /* Check Pods Manifest.lock */ = {
			isa = PBXShellScriptBuildPhase;
			buildActionMask = 2147483647;
			files = (
			);
			inputPaths = (
			);
			name = "Check Pods Manifest.lock";
			outputPaths = (
			);
			runOnlyForDeploymentPostprocessing = 0;
			shellPath = /bin/sh;
			shellScript = "diff \"${PODS_ROOT}/../Podfile.lock\" \"${PODS_ROOT}/Manifest.lock\" > /dev/null\nif [[ $? != 0 ]] ; then\n    cat << EOM\nerror: The sandbox is not in sync with the Podfile.lock. Run 'pod install' or update your CocoaPods installation.\nEOM\n    exit 1\nfi\n";
			showEnvVarsInLog = 0;
		};
		DB7E13E10D83C0BDB854408E /* Copy Pods Resources */ = {
			isa = PBXShellScriptBuildPhase;
			buildActionMask = 2147483647;
			files = (
			);
			inputPaths = (
			);
			name = "Copy Pods Resources";
			outputPaths = (
			);
			runOnlyForDeploymentPostprocessing = 0;
			shellPath = /bin/sh;
			shellScript = "\"${SRCROOT}/Pods/Target Support Files/Pods/Pods-resources.sh\"\n";
			showEnvVarsInLog = 0;
		};
/* End PBXShellScriptBuildPhase section */

/* Begin PBXSourcesBuildPhase section */
		A1B02D7B1BE995260052429D /* Sources */ = {
			isa = PBXSourcesBuildPhase;
			buildActionMask = 2147483647;
			files = (
				A16F2CE91BF023AE00E773BF /* LoginViewController.swift in Sources */,
				A1B02D831BE995260052429D /* AppDelegate.swift in Sources */,
				A16F2CF01BF032DB00E773BF /* TweetTableViewCell.swift in Sources */,
				A16F2CE31BEFF8D300E773BF /* TwitterServiceClient.swift in Sources */,
				A16F2CE01BEFF60300E773BF /* LayoutConstants.swift in Sources */,
				A16F2CE71BF0030400E773BF /* User.swift in Sources */,
				A16F2CEE1BF02EC300E773BF /* TimelineViewController.swift in Sources */,
				A16F2CEB1BF023C200E773BF /* TWBaseViewController.swift in Sources */,
				A16F2CE51BF001ED00E773BF /* Tweet.swift in Sources */,
			);
			runOnlyForDeploymentPostprocessing = 0;
		};
/* End PBXSourcesBuildPhase section */

/* Begin PBXVariantGroup section */
		A1B02D8B1BE995260052429D /* LaunchScreen.storyboard */ = {
			isa = PBXVariantGroup;
			children = (
				A1B02D8C1BE995260052429D /* Base */,
			);
			name = LaunchScreen.storyboard;
			sourceTree = "<group>";
		};
/* End PBXVariantGroup section */

/* Begin XCBuildConfiguration section */
		A1B02D8F1BE995260052429D /* Debug */ = {
			isa = XCBuildConfiguration;
			buildSettings = {
				ALWAYS_SEARCH_USER_PATHS = NO;
				CLANG_CXX_LANGUAGE_STANDARD = "gnu++0x";
				CLANG_CXX_LIBRARY = "libc++";
				CLANG_ENABLE_MODULES = YES;
				CLANG_ENABLE_OBJC_ARC = YES;
				CLANG_WARN_BOOL_CONVERSION = YES;
				CLANG_WARN_CONSTANT_CONVERSION = YES;
				CLANG_WARN_DIRECT_OBJC_ISA_USAGE = YES_ERROR;
				CLANG_WARN_EMPTY_BODY = YES;
				CLANG_WARN_ENUM_CONVERSION = YES;
				CLANG_WARN_INT_CONVERSION = YES;
				CLANG_WARN_OBJC_ROOT_CLASS = YES_ERROR;
				CLANG_WARN_UNREACHABLE_CODE = YES;
				CLANG_WARN__DUPLICATE_METHOD_MATCH = YES;
				"CODE_SIGN_IDENTITY[sdk=iphoneos*]" = "iPhone Developer";
				COPY_PHASE_STRIP = NO;
				DEBUG_INFORMATION_FORMAT = dwarf;
				ENABLE_STRICT_OBJC_MSGSEND = YES;
				ENABLE_TESTABILITY = YES;
				GCC_C_LANGUAGE_STANDARD = gnu99;
				GCC_DYNAMIC_NO_PIC = NO;
				GCC_NO_COMMON_BLOCKS = YES;
				GCC_OPTIMIZATION_LEVEL = 0;
				GCC_PREPROCESSOR_DEFINITIONS = (
					"DEBUG=1",
					"$(inherited)",
				);
				GCC_WARN_64_TO_32_BIT_CONVERSION = YES;
				GCC_WARN_ABOUT_RETURN_TYPE = YES_ERROR;
				GCC_WARN_UNDECLARED_SELECTOR = YES;
				GCC_WARN_UNINITIALIZED_AUTOS = YES_AGGRESSIVE;
				GCC_WARN_UNUSED_FUNCTION = YES;
				GCC_WARN_UNUSED_VARIABLE = YES;
				IPHONEOS_DEPLOYMENT_TARGET = 9.1;
				MTL_ENABLE_DEBUG_INFO = YES;
				ONLY_ACTIVE_ARCH = YES;
				SDKROOT = iphoneos;
				SWIFT_OPTIMIZATION_LEVEL = "-Onone";
			};
			name = Debug;
		};
		A1B02D901BE995260052429D /* Release */ = {
			isa = XCBuildConfiguration;
			buildSettings = {
				ALWAYS_SEARCH_USER_PATHS = NO;
				CLANG_CXX_LANGUAGE_STANDARD = "gnu++0x";
				CLANG_CXX_LIBRARY = "libc++";
				CLANG_ENABLE_MODULES = YES;
				CLANG_ENABLE_OBJC_ARC = YES;
				CLANG_WARN_BOOL_CONVERSION = YES;
				CLANG_WARN_CONSTANT_CONVERSION = YES;
				CLANG_WARN_DIRECT_OBJC_ISA_USAGE = YES_ERROR;
				CLANG_WARN_EMPTY_BODY = YES;
				CLANG_WARN_ENUM_CONVERSION = YES;
				CLANG_WARN_INT_CONVERSION = YES;
				CLANG_WARN_OBJC_ROOT_CLASS = YES_ERROR;
				CLANG_WARN_UNREACHABLE_CODE = YES;
				CLANG_WARN__DUPLICATE_METHOD_MATCH = YES;
				"CODE_SIGN_IDENTITY[sdk=iphoneos*]" = "iPhone Developer";
				COPY_PHASE_STRIP = NO;
				DEBUG_INFORMATION_FORMAT = "dwarf-with-dsym";
				ENABLE_NS_ASSERTIONS = NO;
				ENABLE_STRICT_OBJC_MSGSEND = YES;
				GCC_C_LANGUAGE_STANDARD = gnu99;
				GCC_NO_COMMON_BLOCKS = YES;
				GCC_WARN_64_TO_32_BIT_CONVERSION = YES;
				GCC_WARN_ABOUT_RETURN_TYPE = YES_ERROR;
				GCC_WARN_UNDECLARED_SELECTOR = YES;
				GCC_WARN_UNINITIALIZED_AUTOS = YES_AGGRESSIVE;
				GCC_WARN_UNUSED_FUNCTION = YES;
				GCC_WARN_UNUSED_VARIABLE = YES;
				IPHONEOS_DEPLOYMENT_TARGET = 9.1;
				MTL_ENABLE_DEBUG_INFO = NO;
				SDKROOT = iphoneos;
				VALIDATE_PRODUCT = YES;
			};
			name = Release;
		};
		A1B02D921BE995260052429D /* Debug */ = {
			isa = XCBuildConfiguration;
			baseConfigurationReference = D6A9F824DB248D035902091D /* Pods.debug.xcconfig */;
			buildSettings = {
				ASSETCATALOG_COMPILER_APPICON_NAME = AppIcon;
				INFOPLIST_FILE = TwitterClient/Info.plist;
				LD_RUNPATH_SEARCH_PATHS = "$(inherited) @executable_path/Frameworks";
				PRODUCT_BUNDLE_IDENTIFIER = com.roboxue.TwitterClient;
				PRODUCT_NAME = "$(TARGET_NAME)";
			};
			name = Debug;
		};
		A1B02D931BE995260052429D /* Release */ = {
			isa = XCBuildConfiguration;
			baseConfigurationReference = F87B1D3D93977DE3BA530930 /* Pods.release.xcconfig */;
			buildSettings = {
				ASSETCATALOG_COMPILER_APPICON_NAME = AppIcon;
				INFOPLIST_FILE = TwitterClient/Info.plist;
				LD_RUNPATH_SEARCH_PATHS = "$(inherited) @executable_path/Frameworks";
				PRODUCT_BUNDLE_IDENTIFIER = com.roboxue.TwitterClient;
				PRODUCT_NAME = "$(TARGET_NAME)";
			};
			name = Release;
		};
/* End XCBuildConfiguration section */

/* Begin XCConfigurationList section */
		A1B02D7A1BE995260052429D /* Build configuration list for PBXProject "TwitterClient" */ = {
			isa = XCConfigurationList;
			buildConfigurations = (
				A1B02D8F1BE995260052429D /* Debug */,
				A1B02D901BE995260052429D /* Release */,
			);
			defaultConfigurationIsVisible = 0;
			defaultConfigurationName = Release;
		};
		A1B02D911BE995260052429D /* Build configuration list for PBXNativeTarget "TwitterClient" */ = {
			isa = XCConfigurationList;
			buildConfigurations = (
				A1B02D921BE995260052429D /* Debug */,
				A1B02D931BE995260052429D /* Release */,
			);
			defaultConfigurationIsVisible = 0;
			defaultConfigurationName = Release;
		};
/* End XCConfigurationList section */
	};
	rootObject = A1B02D771BE995260052429D /* Project object */;
}
